
Microsoft Visual Studio Solution File, Format Version 12.00
# Visual Studio Version 16
VisualStudioVersion = 16.0.30611.23
MinimumVisualStudioVersion = 10.0.40219.1
Project("{8BC9CEB8-8B4A-11D0-8D11-00A0C91BC942}") = "dataStructures-2", "dataStructures-2.vcxproj", "{839E3BDC-DCF5-4D41-B40A-F3364E4DFD14}"
EndProject
Global
	GlobalSection(SolutionConfigurationPlatforms) = preSolution
		Debug|x64 = Debug|x64
		Debug|x86 = Debug|x86
		Release|x64 = Release|x64
		Release|x86 = Release|x86
	EndGlobalSection
	GlobalSection(ProjectConfigurationPlatforms) = postSolution
		{839E3BDC-DCF5-4D41-B40A-F3364E4DFD14}.Debug|x64.ActiveCfg = Debug|x64
		{839E3BDC-DCF5-4D41-B40A-F3364E4DFD14}.Debug|x64.Build.0 = Debug|x64
		{839E3BDC-DCF5-4D41-B40A-F3364E4DFD14}.Debug|x86.ActiveCfg = Debug|Win32
		{839E3BDC-DCF5-4D41-B40A-F3364E4DFD14}.Debug|x86.Build.0 = Debug|Win32
		{839E3BDC-DCF5-4D41-B40A-F3364E4DFD14}.Release|x64.ActiveCfg = Release|x64
		{839E3BDC-DCF5-4D41-B40A-F3364E4DFD14}.Release|x64.Build.0 = Release|x64
		{839E3BDC-DCF5-4D41-B40A-F3364E4DFD14}.Release|x86.ActiveCfg = Release|Win32
		{839E3BDC-DCF5-4D41-B40A-F3364E4DFD14}.Release|x86.Build.0 = Release|Win32
	EndGlobalSection
	GlobalSection(SolutionProperties) = preSolution
		HideSolutionNode = FALSE
	EndGlobalSection
	GlobalSection(ExtensibilityGlobals) = postSolution
		SolutionGuid = {AF844C2B-5FB6-4529-ABA9-779699FF8C0E}
	EndGlobalSection
EndGlobal
